
Microsoft Visual Studio Solution File, Format Version 12.00
# Visual Studio Version 17
VisualStudioVersion = 17.4.33213.308
MinimumVisualStudioVersion = 10.0.40219.1
Project("{FAE04EC0-301F-11D3-BF4B-00C04F79EFBC}") = "SimpleBacktestLib", "SimpleBacktestLib\SimpleBacktestLib.csproj", "{36DF5E36-3AB2-4663-ACDF-8DA2054F0485}"
EndProject
Global
	GlobalSection(SolutionConfigurationPlatforms) = preSolution
		Debug|Any CPU = Debug|Any CPU
		Release|Any CPU = Release|Any CPU
	EndGlobalSection
	GlobalSection(ProjectConfigurationPlatforms) = postSolution
		{36DF5E36-3AB2-4663-ACDF-8DA2054F0485}.Debug|Any CPU.ActiveCfg = Debug|Any CPU
		{36DF5E36-3AB2-4663-ACDF-8DA2054F0485}.Debug|Any CPU.Build.0 = Debug|Any CPU
		{36DF5E36-3AB2-4663-ACDF-8DA2054F0485}.Release|Any CPU.ActiveCfg = Release|Any CPU
		{36DF5E36-3AB2-4663-ACDF-8DA2054F0485}.Release|Any CPU.Build.0 = Release|Any CPU
	EndGlobalSection
	GlobalSection(SolutionProperties) = preSolution
		HideSolutionNode = FALSE
	EndGlobalSection
	GlobalSection(ExtensibilityGlobals) = postSolution
		SolutionGuid = {80520A79-1445-4F24-8415-7B445DAC3D8C}
	EndGlobalSection
EndGlobal
